
Microsoft Visual Studio Solution File, Format Version 12.00
# Visual Studio 15
VisualStudioVersion = 15.0.27428.2015
MinimumVisualStudioVersion = 10.0.40219.1
Project("{2150E333-8FDC-42A3-9474-1A3956D46DE8}") = "Solution Items", "Solution Items", "{8ECD2580-CE0F-4A87-9CBB-4B143E90AC94}"
	ProjectSection(SolutionItems) = preProject
		build\Build.Locally.ps1 = build\Build.Locally.ps1
		build\MyGet.Build.ps1 = build\MyGet.Build.ps1
		build\MyGet.ps1 = build\MyGet.ps1
		README.md = README.md
		NuGetSpecs\Smooth.IoC.Cqrs.Tap.nuspec = NuGetSpecs\Smooth.IoC.Cqrs.Tap.nuspec
	EndProjectSection
EndProject
Project("{2150E333-8FDC-42A3-9474-1A3956D46DE8}") = "src", "src", "{5E6BF664-39BD-44D4-8923-CC5A98239AFB}"
EndProject
Project("{2150E333-8FDC-42A3-9474-1A3956D46DE8}") = "test", "test", "{A1FABD31-0E90-48B4-8F36-44BAA7D9F5F6}"
EndProject
Project("{9A19103F-16F7-4668-BE54-9A1E7A4F7556}") = "Smooth.IoC.Cqrs", "src\Smooth.IoC.Cqrs\Smooth.IoC.Cqrs.csproj", "{DB4904A8-693E-4906-9B4F-602A14626022}"
EndProject
Project("{9A19103F-16F7-4668-BE54-9A1E7A4F7556}") = "Smooth.IoC.Cqrs.Tests", "test\Smooth.IoC.Cqrs.Tests\Smooth.IoC.Cqrs.Tests.csproj", "{8DA326DD-EA04-4DD4-8AB8-E0AF14E074F4}"
EndProject
Project("{9A19103F-16F7-4668-BE54-9A1E7A4F7556}") = "Smooth.IoC.Cqrs.Tap", "src\Smooth.IoC.Cqrs.Tap\Smooth.IoC.Cqrs.Tap.csproj", "{CD541434-DFF8-40FE-A364-09ACD95F3831}"
EndProject
Global
	GlobalSection(SolutionConfigurationPlatforms) = preSolution
		Debug|Any CPU = Debug|Any CPU
		Release|Any CPU = Release|Any CPU
	EndGlobalSection
	GlobalSection(ProjectConfigurationPlatforms) = postSolution
		{DB4904A8-693E-4906-9B4F-602A14626022}.Debug|Any CPU.ActiveCfg = Debug|Any CPU
		{DB4904A8-693E-4906-9B4F-602A14626022}.Debug|Any CPU.Build.0 = Debug|Any CPU
		{DB4904A8-693E-4906-9B4F-602A14626022}.Release|Any CPU.ActiveCfg = Release|Any CPU
		{DB4904A8-693E-4906-9B4F-602A14626022}.Release|Any CPU.Build.0 = Release|Any CPU
		{8DA326DD-EA04-4DD4-8AB8-E0AF14E074F4}.Debug|Any CPU.ActiveCfg = Debug|Any CPU
		{8DA326DD-EA04-4DD4-8AB8-E0AF14E074F4}.Debug|Any CPU.Build.0 = Debug|Any CPU
		{8DA326DD-EA04-4DD4-8AB8-E0AF14E074F4}.Release|Any CPU.ActiveCfg = Release|Any CPU
		{8DA326DD-EA04-4DD4-8AB8-E0AF14E074F4}.Release|Any CPU.Build.0 = Release|Any CPU
		{CD541434-DFF8-40FE-A364-09ACD95F3831}.Debug|Any CPU.ActiveCfg = Debug|Any CPU
		{CD541434-DFF8-40FE-A364-09ACD95F3831}.Debug|Any CPU.Build.0 = Debug|Any CPU
		{CD541434-DFF8-40FE-A364-09ACD95F3831}.Release|Any CPU.ActiveCfg = Release|Any CPU
		{CD541434-DFF8-40FE-A364-09ACD95F3831}.Release|Any CPU.Build.0 = Release|Any CPU
	EndGlobalSection
	GlobalSection(SolutionProperties) = preSolution
		HideSolutionNode = FALSE
	EndGlobalSection
	GlobalSection(NestedProjects) = preSolution
		{DB4904A8-693E-4906-9B4F-602A14626022} = {5E6BF664-39BD-44D4-8923-CC5A98239AFB}
		{8DA326DD-EA04-4DD4-8AB8-E0AF14E074F4} = {A1FABD31-0E90-48B4-8F36-44BAA7D9F5F6}
		{CD541434-DFF8-40FE-A364-09ACD95F3831} = {5E6BF664-39BD-44D4-8923-CC5A98239AFB}
	EndGlobalSection
	GlobalSection(ExtensibilityGlobals) = postSolution
		SolutionGuid = {CDAD7261-3EFE-445D-973D-63491BAD3363}
	EndGlobalSection
EndGlobal
